
Microsoft Visual Studio Solution File, Format Version 12.00
# Visual Studio Version 17
VisualStudioVersion = 17.13.35828.75
MinimumVisualStudioVersion = 10.0.40219.1
Project("{FAE04EC0-301F-11D3-BF4B-00C04F79EFBC}") = "Authorization.API", "Authorization.API.csproj", "{2D6C93B4-3EFD-455E-8791-5318EBDBE88D}"
EndProject
Project("{FAE04EC0-301F-11D3-BF4B-00C04F79EFBC}") = "Authorization.Domain", "..\Authorization.Domain\Authorization.Domain.csproj", "{5AE35D78-2285-40DA-83CA-408031B6BD01}"
EndProject
Project("{FAE04EC0-301F-11D3-BF4B-00C04F79EFBC}") = "Authorization.Dal", "..\Authorization.Dal\Authorization.Dal.csproj", "{08C49DFC-A521-41B1-A2E3-871548A7FAF3}"
EndProject
Project("{FAE04EC0-301F-11D3-BF4B-00C04F79EFBC}") = "Authorization.Application", "..\Authorization.Application\Authorization.Application.csproj", "{C8A322E6-6CED-4E22-A41B-3B99E06A5C0A}"
EndProject
Project("{FAE04EC0-301F-11D3-BF4B-00C04F79EFBC}") = "Authorization.Infastructure", "..\Authorization.Infastructure\Authorization.Infastructure.csproj", "{B401C760-754B-41E9-A0D8-9381CDD20572}"
EndProject
Project("{FAE04EC0-301F-11D3-BF4B-00C04F79EFBC}") = "Authorization.Contracts", "..\Authorization.Contracts\Authorization.Contracts.csproj", "{F7F16D78-195E-45AD-B962-09D42E616D0B}"
EndProject
Project("{2150E333-8FDC-42A3-9474-1A3956D46DE8}") = "Tests", "Tests", "{02EA681E-C7D8-13C7-8484-4AC65E1B71E8}"
EndProject
Project("{FAE04EC0-301F-11D3-BF4B-00C04F79EFBC}") = "Authorization.Domain.UnitTests", "..\Authorization.Domain.UnitTests\Authorization.Domain.UnitTests.csproj", "{D57EFC0B-F929-4BD8-B5CF-ACD8B737606F}"
EndProject
Global
	GlobalSection(SolutionConfigurationPlatforms) = preSolution
		Debug|Any CPU = Debug|Any CPU
		Release|Any CPU = Release|Any CPU
	EndGlobalSection
	GlobalSection(ProjectConfigurationPlatforms) = postSolution
		{2D6C93B4-3EFD-455E-8791-5318EBDBE88D}.Debug|Any CPU.ActiveCfg = Debug|Any CPU
		{2D6C93B4-3EFD-455E-8791-5318EBDBE88D}.Debug|Any CPU.Build.0 = Debug|Any CPU
		{2D6C93B4-3EFD-455E-8791-5318EBDBE88D}.Release|Any CPU.ActiveCfg = Release|Any CPU
		{2D6C93B4-3EFD-455E-8791-5318EBDBE88D}.Release|Any CPU.Build.0 = Release|Any CPU
		{5AE35D78-2285-40DA-83CA-408031B6BD01}.Debug|Any CPU.ActiveCfg = Debug|Any CPU
		{5AE35D78-2285-40DA-83CA-408031B6BD01}.Debug|Any CPU.Build.0 = Debug|Any CPU
		{5AE35D78-2285-40DA-83CA-408031B6BD01}.Release|Any CPU.ActiveCfg = Release|Any CPU
		{5AE35D78-2285-40DA-83CA-408031B6BD01}.Release|Any CPU.Build.0 = Release|Any CPU
		{08C49DFC-A521-41B1-A2E3-871548A7FAF3}.Debug|Any CPU.ActiveCfg = Debug|Any CPU
		{08C49DFC-A521-41B1-A2E3-871548A7FAF3}.Debug|Any CPU.Build.0 = Debug|Any CPU
		{08C49DFC-A521-41B1-A2E3-871548A7FAF3}.Release|Any CPU.ActiveCfg = Release|Any CPU
		{08C49DFC-A521-41B1-A2E3-871548A7FAF3}.Release|Any CPU.Build.0 = Release|Any CPU
		{C8A322E6-6CED-4E22-A41B-3B99E06A5C0A}.Debug|Any CPU.ActiveCfg = Debug|Any CPU
		{C8A322E6-6CED-4E22-A41B-3B99E06A5C0A}.Debug|Any CPU.Build.0 = Debug|Any CPU
		{C8A322E6-6CED-4E22-A41B-3B99E06A5C0A}.Release|Any CPU.ActiveCfg = Release|Any CPU
		{C8A322E6-6CED-4E22-A41B-3B99E06A5C0A}.Release|Any CPU.Build.0 = Release|Any CPU
		{B401C760-754B-41E9-A0D8-9381CDD20572}.Debug|Any CPU.ActiveCfg = Debug|Any CPU
		{B401C760-754B-41E9-A0D8-9381CDD20572}.Debug|Any CPU.Build.0 = Debug|Any CPU
		{B401C760-754B-41E9-A0D8-9381CDD20572}.Release|Any CPU.ActiveCfg = Release|Any CPU
		{B401C760-754B-41E9-A0D8-9381CDD20572}.Release|Any CPU.Build.0 = Release|Any CPU
		{F7F16D78-195E-45AD-B962-09D42E616D0B}.Debug|Any CPU.ActiveCfg = Debug|Any CPU
		{F7F16D78-195E-45AD-B962-09D42E616D0B}.Debug|Any CPU.Build.0 = Debug|Any CPU
		{F7F16D78-195E-45AD-B962-09D42E616D0B}.Release|Any CPU.ActiveCfg = Release|Any CPU
		{F7F16D78-195E-45AD-B962-09D42E616D0B}.Release|Any CPU.Build.0 = Release|Any CPU
		{D57EFC0B-F929-4BD8-B5CF-ACD8B737606F}.Debug|Any CPU.ActiveCfg = Debug|Any CPU
		{D57EFC0B-F929-4BD8-B5CF-ACD8B737606F}.Debug|Any CPU.Build.0 = Debug|Any CPU
		{D57EFC0B-F929-4BD8-B5CF-ACD8B737606F}.Release|Any CPU.ActiveCfg = Release|Any CPU
		{D57EFC0B-F929-4BD8-B5CF-ACD8B737606F}.Release|Any CPU.Build.0 = Release|Any CPU
	EndGlobalSection
	GlobalSection(SolutionProperties) = preSolution
		HideSolutionNode = FALSE
	EndGlobalSection
	GlobalSection(NestedProjects) = preSolution
		{D57EFC0B-F929-4BD8-B5CF-ACD8B737606F} = {02EA681E-C7D8-13C7-8484-4AC65E1B71E8}
	EndGlobalSection
	GlobalSection(ExtensibilityGlobals) = postSolution
		SolutionGuid = {02B026A9-0F97-423C-9BB1-DE408E408D97}
	EndGlobalSection
EndGlobal
