
Microsoft Visual Studio Solution File, Format Version 12.00
# Visual Studio Version 17
VisualStudioVersion = 17.13.35828.75
MinimumVisualStudioVersion = 10.0.40219.1
Project("{FAE04EC0-301F-11D3-BF4B-00C04F79EFBC}") = "Test.API", "Test.API.csproj", "{8D3A7655-A378-4EC1-81DC-1FFA7B5C92BE}"
EndProject
Project("{FAE04EC0-301F-11D3-BF4B-00C04F79EFBC}") = "Test.Domain", "..\Test.Domain\Test.Domain.csproj", "{AD2FC4D5-F8E1-4564-91C8-4CE9B390AC64}"
EndProject
Project("{FAE04EC0-301F-11D3-BF4B-00C04F79EFBC}") = "Test.Dal", "..\Test.Dal\Test.Dal.csproj", "{F2F3A35E-9426-4EFE-B39D-EE591FF8EBE6}"
EndProject
Project("{FAE04EC0-301F-11D3-BF4B-00C04F79EFBC}") = "Test.Application", "..\Test.Application\Test.Application.csproj", "{B5DC22A6-24BD-4921-9B5C-4BDF26F95D71}"
EndProject
Project("{FAE04EC0-301F-11D3-BF4B-00C04F79EFBC}") = "Test.Infrastructure", "..\Test.Infastructure\Test.Infrastructure.csproj", "{C393CF4E-8EEB-44FD-A595-D1385412AD80}"
EndProject
Project("{FAE04EC0-301F-11D3-BF4B-00C04F79EFBC}") = "Test.Contracts", "..\Test.Contracts\Test.Contracts.csproj", "{0018ACEE-D707-43E7-A26C-B971D4C0CCB0}"
EndProject
Global
	GlobalSection(SolutionConfigurationPlatforms) = preSolution
		Debug|Any CPU = Debug|Any CPU
		Release|Any CPU = Release|Any CPU
	EndGlobalSection
	GlobalSection(ProjectConfigurationPlatforms) = postSolution
		{8D3A7655-A378-4EC1-81DC-1FFA7B5C92BE}.Debug|Any CPU.ActiveCfg = Debug|Any CPU
		{8D3A7655-A378-4EC1-81DC-1FFA7B5C92BE}.Debug|Any CPU.Build.0 = Debug|Any CPU
		{8D3A7655-A378-4EC1-81DC-1FFA7B5C92BE}.Release|Any CPU.ActiveCfg = Release|Any CPU
		{8D3A7655-A378-4EC1-81DC-1FFA7B5C92BE}.Release|Any CPU.Build.0 = Release|Any CPU
		{AD2FC4D5-F8E1-4564-91C8-4CE9B390AC64}.Debug|Any CPU.ActiveCfg = Debug|Any CPU
		{AD2FC4D5-F8E1-4564-91C8-4CE9B390AC64}.Debug|Any CPU.Build.0 = Debug|Any CPU
		{AD2FC4D5-F8E1-4564-91C8-4CE9B390AC64}.Release|Any CPU.ActiveCfg = Release|Any CPU
		{AD2FC4D5-F8E1-4564-91C8-4CE9B390AC64}.Release|Any CPU.Build.0 = Release|Any CPU
		{F2F3A35E-9426-4EFE-B39D-EE591FF8EBE6}.Debug|Any CPU.ActiveCfg = Debug|Any CPU
		{F2F3A35E-9426-4EFE-B39D-EE591FF8EBE6}.Debug|Any CPU.Build.0 = Debug|Any CPU
		{F2F3A35E-9426-4EFE-B39D-EE591FF8EBE6}.Release|Any CPU.ActiveCfg = Release|Any CPU
		{F2F3A35E-9426-4EFE-B39D-EE591FF8EBE6}.Release|Any CPU.Build.0 = Release|Any CPU
		{B5DC22A6-24BD-4921-9B5C-4BDF26F95D71}.Debug|Any CPU.ActiveCfg = Debug|Any CPU
		{B5DC22A6-24BD-4921-9B5C-4BDF26F95D71}.Debug|Any CPU.Build.0 = Debug|Any CPU
		{B5DC22A6-24BD-4921-9B5C-4BDF26F95D71}.Release|Any CPU.ActiveCfg = Release|Any CPU
		{B5DC22A6-24BD-4921-9B5C-4BDF26F95D71}.Release|Any CPU.Build.0 = Release|Any CPU
		{C393CF4E-8EEB-44FD-A595-D1385412AD80}.Debug|Any CPU.ActiveCfg = Debug|Any CPU
		{C393CF4E-8EEB-44FD-A595-D1385412AD80}.Debug|Any CPU.Build.0 = Debug|Any CPU
		{C393CF4E-8EEB-44FD-A595-D1385412AD80}.Release|Any CPU.ActiveCfg = Release|Any CPU
		{C393CF4E-8EEB-44FD-A595-D1385412AD80}.Release|Any CPU.Build.0 = Release|Any CPU
		{0018ACEE-D707-43E7-A26C-B971D4C0CCB0}.Debug|Any CPU.ActiveCfg = Debug|Any CPU
		{0018ACEE-D707-43E7-A26C-B971D4C0CCB0}.Debug|Any CPU.Build.0 = Debug|Any CPU
		{0018ACEE-D707-43E7-A26C-B971D4C0CCB0}.Release|Any CPU.ActiveCfg = Release|Any CPU
		{0018ACEE-D707-43E7-A26C-B971D4C0CCB0}.Release|Any CPU.Build.0 = Release|Any CPU
	EndGlobalSection
	GlobalSection(SolutionProperties) = preSolution
		HideSolutionNode = FALSE
	EndGlobalSection
	GlobalSection(ExtensibilityGlobals) = postSolution
		SolutionGuid = {7CF758D9-C20D-40C3-8D88-BB7B01F72A44}
	EndGlobalSection
EndGlobal
